
Microsoft Visual Studio Solution File, Format Version 11.00
# Visual Studio 2010
Project("{FAE04EC0-301F-11D3-BF4B-00C04F79EFBC}") = "artificialart", "artificialart.csproj", "{5E9308EC-7FF0-4810-BD98-CCB76F1D2F55}"
EndProject
Project("{FAE04EC0-301F-11D3-BF4B-00C04F79EFBC}") = "testing", "testing\testing.csproj", "{BED1A74D-765B-4435-9AE4-577B1CF6F7DA}"
EndProject
Global
	GlobalSection(SolutionConfigurationPlatforms) = preSolution
		Debug|Any CPU = Debug|Any CPU
		Release|Any CPU = Release|Any CPU
	EndGlobalSection
	GlobalSection(ProjectConfigurationPlatforms) = postSolution
		{5E9308EC-7FF0-4810-BD98-CCB76F1D2F55}.Debug|Any CPU.ActiveCfg = Debug|Any CPU
		{5E9308EC-7FF0-4810-BD98-CCB76F1D2F55}.Debug|Any CPU.Build.0 = Debug|Any CPU
		{5E9308EC-7FF0-4810-BD98-CCB76F1D2F55}.Release|Any CPU.ActiveCfg = Release|Any CPU
		{5E9308EC-7FF0-4810-BD98-CCB76F1D2F55}.Release|Any CPU.Build.0 = Release|Any CPU
		{BED1A74D-765B-4435-9AE4-577B1CF6F7DA}.Debug|Any CPU.ActiveCfg = Debug|Any CPU
		{BED1A74D-765B-4435-9AE4-577B1CF6F7DA}.Debug|Any CPU.Build.0 = Debug|Any CPU
		{BED1A74D-765B-4435-9AE4-577B1CF6F7DA}.Release|Any CPU.ActiveCfg = Release|Any CPU
		{BED1A74D-765B-4435-9AE4-577B1CF6F7DA}.Release|Any CPU.Build.0 = Release|Any CPU
	EndGlobalSection
	GlobalSection(SolutionProperties) = preSolution
		HideSolutionNode = FALSE
	EndGlobalSection
EndGlobal
